
Microsoft Visual Studio Solution File, Format Version 12.00
# Visual Studio Version 17
VisualStudioVersion = 17.5.33516.290
MinimumVisualStudioVersion = 10.0.40219.1
Project("{FAE04EC0-301F-11D3-BF4B-00C04F79EFBC}") = "Assignment6-1-1", "Assignment6-1-1.csproj", "{71F36209-9950-4D16-A3F8-F4586395B181}"
EndProject
Global
	GlobalSection(SolutionConfigurationPlatforms) = preSolution
		Debug|Any CPU = Debug|Any CPU
		Release|Any CPU = Release|Any CPU
	EndGlobalSection
	GlobalSection(ProjectConfigurationPlatforms) = postSolution
		{71F36209-9950-4D16-A3F8-F4586395B181}.Debug|Any CPU.ActiveCfg = Debug|Any CPU
		{71F36209-9950-4D16-A3F8-F4586395B181}.Debug|Any CPU.Build.0 = Debug|Any CPU
		{71F36209-9950-4D16-A3F8-F4586395B181}.Release|Any CPU.ActiveCfg = Release|Any CPU
		{71F36209-9950-4D16-A3F8-F4586395B181}.Release|Any CPU.Build.0 = Release|Any CPU
	EndGlobalSection
	GlobalSection(SolutionProperties) = preSolution
		HideSolutionNode = FALSE
	EndGlobalSection
	GlobalSection(ExtensibilityGlobals) = postSolution
		SolutionGuid = {36F655FF-8D88-484B-9915-3B4DC773E708}
	EndGlobalSection
EndGlobal
